// !$*UTF8*$!
{
	archiveVersion = 1;
	classes = {
	};
	objectVersion = 46;
	objects = {

/* Begin PBXBuildFile section */
		47034A04172F55C700DB5AFC /* ccParCheckView.m in Sources */ = {isa = PBXBuildFile; fileRef = 47034A03172F55C700DB5AFC /* ccParCheckView.m */; };
		47034A08172F55EE00DB5AFC /* ccCrewNotes.m in Sources */ = {isa = PBXBuildFile; fileRef = 47034A07172F55EE00DB5AFC /* ccCrewNotes.m */; };
		4723AD3C17303ED5002ECD5B /* ccFireFighter.m in Sources */ = {isa = PBXBuildFile; fileRef = 4723AD3917303ED5002ECD5B /* ccFireFighter.m */; };
		4723AD3D17303ED5002ECD5B /* ccFireFighterProvider.m in Sources */ = {isa = PBXBuildFile; fileRef = 4723AD3B17303ED5002ECD5B /* ccFireFighterProvider.m */; };
		4723AD4017303EE3002ECD5B /* ccSQLiteCreate.m in Sources */ = {isa = PBXBuildFile; fileRef = 4723AD3F17303EE3002ECD5B /* ccSQLiteCreate.m */; };
		4723AD4D17303EF3002ECD5B /* FMDatabase.m in Sources */ = {isa = PBXBuildFile; fileRef = 4723AD4217303EF3002ECD5B /* FMDatabase.m */; };
		4723AD4E17303EF3002ECD5B /* FMDatabaseAdditions.m in Sources */ = {isa = PBXBuildFile; fileRef = 4723AD4417303EF3002ECD5B /* FMDatabaseAdditions.m */; };
		4723AD4F17303EF3002ECD5B /* FMDatabasePool.m in Sources */ = {isa = PBXBuildFile; fileRef = 4723AD4617303EF3002ECD5B /* FMDatabasePool.m */; };
		4723AD5017303EF3002ECD5B /* FMDatabaseQueue.m in Sources */ = {isa = PBXBuildFile; fileRef = 4723AD4817303EF3002ECD5B /* FMDatabaseQueue.m */; };
		4723AD5217303EF3002ECD5B /* FMResultSet.m in Sources */ = {isa = PBXBuildFile; fileRef = 4723AD4C17303EF3002ECD5B /* FMResultSet.m */; };
		4723AD5417303F0C002ECD5B /* download.png in Resources */ = {isa = PBXBuildFile; fileRef = 4723AD5317303F0C002ECD5B /* download.png */; };
		4723AD561730402C002ECD5B /* firefighter_data in Resources */ = {isa = PBXBuildFile; fileRef = 4723AD551730402C002ECD5B /* firefighter_data */; };
		4723AD58173043C1002ECD5B /* libsqlite3.0.dylib in Frameworks */ = {isa = PBXBuildFile; fileRef = 4723AD57173043C1002ECD5B /* libsqlite3.0.dylib */; };
		477143EF170DF55B00951B7E /* ccGridView.m in Sources */ = {isa = PBXBuildFile; fileRef = 477143EE170DF55B00951B7E /* ccGridView.m */; };
		477D01D0171D348500DAE169 /* Building.png in Resources */ = {isa = PBXBuildFile; fileRef = 477D01CF171D348500DAE169 /* Building.png */; };
		4785347E17150C1800B8A750 /* ccDetailViewController.m in Sources */ = {isa = PBXBuildFile; fileRef = 4785347D17150C1800B8A750 /* ccDetailViewController.m */; };
		478D73BF172504380012A17E /* large.png in Resources */ = {isa = PBXBuildFile; fileRef = 478D73BE172504380012A17E /* large.png */; };
		478D73C1172504460012A17E /* medium.png in Resources */ = {isa = PBXBuildFile; fileRef = 478D73C0172504460012A17E /* medium.png */; };
		478D73C3172504E50012A17E /* small.png in Resources */ = {isa = PBXBuildFile; fileRef = 478D73C2172504E50012A17E /* small.png */; };
		47CD2689171E260600B1AD10 /* logo.png in Resources */ = {isa = PBXBuildFile; fileRef = 47CD2688171E260600B1AD10 /* logo.png */; };
		47CD268A171E260600B1AD10 /* logo.png in Resources */ = {isa = PBXBuildFile; fileRef = 47CD2688171E260600B1AD10 /* logo.png */; };
		47CD268C171E264300B1AD10 /* backbutton.png in Resources */ = {isa = PBXBuildFile; fileRef = 47CD268B171E264300B1AD10 /* backbutton.png */; };
		47CD268D171E264300B1AD10 /* backbutton.png in Resources */ = {isa = PBXBuildFile; fileRef = 47CD268B171E264300B1AD10 /* backbutton.png */; };
		47CD6962171FAB830072AF1E /* Building V2.png in Resources */ = {isa = PBXBuildFile; fileRef = 47CD6961171FAB830072AF1E /* Building V2.png */; };
		47CD6966172069790072AF1E /* background-app.png in Resources */ = {isa = PBXBuildFile; fileRef = 47CD6965172069790072AF1E /* background-app.png */; };
		47CD696817206AF90072AF1E /* background building smaller.png in Resources */ = {isa = PBXBuildFile; fileRef = 47CD696717206AF90072AF1E /* background building smaller.png */; };
		47E039CE172E4F3D002E1EF0 /* ccParCheckViewController.m in Sources */ = {isa = PBXBuildFile; fileRef = 47E039CD172E4F3D002E1EF0 /* ccParCheckViewController.m */; };
		47E039D1172E56B8002E1EF0 /* ccCrewNotesViewController.m in Sources */ = {isa = PBXBuildFile; fileRef = 47E039D0172E56B8002E1EF0 /* ccCrewNotesViewController.m */; };
		47E43AB7170A7C89001FC598 /* ccSelectSceneCell.m in Sources */ = {isa = PBXBuildFile; fileRef = 47E43AB6170A7C89001FC598 /* ccSelectSceneCell.m */; };
		47E43ABA170ABAC2001FC598 /* ccSceneSplitViewController.m in Sources */ = {isa = PBXBuildFile; fileRef = 47E43AB9170ABAC2001FC598 /* ccSceneSplitViewController.m */; };
		47F111791725B7D0002D176B /* QuartzCore.framework in Frameworks */ = {isa = PBXBuildFile; fileRef = 47F111781725B7D0002D176B /* QuartzCore.framework */; };
		49468CE816F7E1E600D09587 /* ccInstanceLogUploader.m in Sources */ = {isa = PBXBuildFile; fileRef = 49468CE716F7E1E600D09587 /* ccInstanceLogUploader.m */; };
		49E5EA7716F793C2005C9788 /* ccFireInstance.m in Sources */ = {isa = PBXBuildFile; fileRef = 49E5EA7616F793C2005C9788 /* ccFireInstance.m */; };
		49E5EA7A16F793DF005C9788 /* ccInstanceProvider.m in Sources */ = {isa = PBXBuildFile; fileRef = 49E5EA7916F793DF005C9788 /* ccInstanceProvider.m */; };
		A70855FA16F24B5B007EDF66 /* ccClipboard.m in Sources */ = {isa = PBXBuildFile; fileRef = A70855F916F24B5B007EDF66 /* ccClipboard.m */; };
		A70A8C7E16EFA7D200DBA1E4 /* ccSelectSceneView.m in Sources */ = {isa = PBXBuildFile; fileRef = A70A8C7D16EFA7D200DBA1E4 /* ccSelectSceneView.m */; };
		A70A8C8116EFA8D400DBA1E4 /* ccSelectSceneViewController.m in Sources */ = {isa = PBXBuildFile; fileRef = A70A8C8016EFA8D400DBA1E4 /* ccSelectSceneViewController.m */; };
		A7D0545216DFDC53007142C1 /* UIKit.framework in Frameworks */ = {isa = PBXBuildFile; fileRef = A7D0545116DFDC53007142C1 /* UIKit.framework */; };
		A7D0545416DFDC53007142C1 /* Foundation.framework in Frameworks */ = {isa = PBXBuildFile; fileRef = A7D0545316DFDC53007142C1 /* Foundation.framework */; };
		A7D0545616DFDC53007142C1 /* CoreGraphics.framework in Frameworks */ = {isa = PBXBuildFile; fileRef = A7D0545516DFDC53007142C1 /* CoreGraphics.framework */; };
		A7D0545C16DFDC53007142C1 /* InfoPlist.strings in Resources */ = {isa = PBXBuildFile; fileRef = A7D0545A16DFDC53007142C1 /* InfoPlist.strings */; };
		A7D0545E16DFDC53007142C1 /* main.m in Sources */ = {isa = PBXBuildFile; fileRef = A7D0545D16DFDC53007142C1 /* main.m */; };
		A7D0546216DFDC53007142C1 /* ccAppDelegate.m in Sources */ = {isa = PBXBuildFile; fileRef = A7D0546116DFDC53007142C1 /* ccAppDelegate.m */; };
		A7D0546416DFDC53007142C1 /* Default.png in Resources */ = {isa = PBXBuildFile; fileRef = A7D0546316DFDC53007142C1 /* Default.png */; };
		A7D0546616DFDC53007142C1 /* Default@2x.png in Resources */ = {isa = PBXBuildFile; fileRef = A7D0546516DFDC53007142C1 /* Default@2x.png */; };
		A7D0546816DFDC53007142C1 /* Default-568h@2x.png in Resources */ = {isa = PBXBuildFile; fileRef = A7D0546716DFDC53007142C1 /* Default-568h@2x.png */; };
		A7D0547016DFDC53007142C1 /* SenTestingKit.framework in Frameworks */ = {isa = PBXBuildFile; fileRef = A7D0546F16DFDC53007142C1 /* SenTestingKit.framework */; };
		A7D0547116DFDC53007142C1 /* UIKit.framework in Frameworks */ = {isa = PBXBuildFile; fileRef = A7D0545116DFDC53007142C1 /* UIKit.framework */; };
		A7D0547216DFDC53007142C1 /* Foundation.framework in Frameworks */ = {isa = PBXBuildFile; fileRef = A7D0545316DFDC53007142C1 /* Foundation.framework */; };
		A7D0547A16DFDC53007142C1 /* InfoPlist.strings in Resources */ = {isa = PBXBuildFile; fileRef = A7D0547816DFDC53007142C1 /* InfoPlist.strings */; };
		A7D0547D16DFDC53007142C1 /* ClipboardTests.m in Sources */ = {isa = PBXBuildFile; fileRef = A7D0547C16DFDC53007142C1 /* ClipboardTests.m */; };
/* End PBXBuildFile section */

/* Begin PBXContainerItemProxy section */
		A7D0547316DFDC53007142C1 /* PBXContainerItemProxy */ = {
			isa = PBXContainerItemProxy;
			containerPortal = A7D0544616DFDC53007142C1 /* Project object */;
			proxyType = 1;
			remoteGlobalIDString = A7D0544D16DFDC53007142C1;
			remoteInfo = Clipboard;
		};
/* End PBXContainerItemProxy section */

/* Begin PBXFileReference section */
		47034A02172F55C700DB5AFC /* ccParCheckView.h */ = {isa = PBXFileReference; fileEncoding = 4; lastKnownFileType = sourcecode.c.h; path = ccParCheckView.h; sourceTree = "<group>"; };
		47034A03172F55C700DB5AFC /* ccParCheckView.m */ = {isa = PBXFileReference; fileEncoding = 4; lastKnownFileType = sourcecode.c.objc; path = ccParCheckView.m; sourceTree = "<group>"; };
		47034A06172F55EE00DB5AFC /* ccCrewNotes.h */ = {isa = PBXFileReference; fileEncoding = 4; lastKnownFileType = sourcecode.c.h; path = ccCrewNotes.h; sourceTree = "<group>"; };
		47034A07172F55EE00DB5AFC /* ccCrewNotes.m */ = {isa = PBXFileReference; fileEncoding = 4; lastKnownFileType = sourcecode.c.objc; path = ccCrewNotes.m; sourceTree = "<group>"; };
		4723AD3817303EC8002ECD5B /* ccFireFighter.h */ = {isa = PBXFileReference; fileEncoding = 4; lastKnownFileType = sourcecode.c.h; path = ccFireFighter.h; sourceTree = "<group>"; };
		4723AD3917303ED5002ECD5B /* ccFireFighter.m */ = {isa = PBXFileReference; fileEncoding = 4; lastKnownFileType = sourcecode.c.objc; path = ccFireFighter.m; sourceTree = "<group>"; };
		4723AD3A17303ED5002ECD5B /* ccFireFighterProvider.h */ = {isa = PBXFileReference; fileEncoding = 4; lastKnownFileType = sourcecode.c.h; path = ccFireFighterProvider.h; sourceTree = "<group>"; };
		4723AD3B17303ED5002ECD5B /* ccFireFighterProvider.m */ = {isa = PBXFileReference; fileEncoding = 4; lastKnownFileType = sourcecode.c.objc; path = ccFireFighterProvider.m; sourceTree = "<group>"; };
		4723AD3E17303EE3002ECD5B /* ccSQLiteCreate.h */ = {isa = PBXFileReference; fileEncoding = 4; lastKnownFileType = sourcecode.c.h; path = ccSQLiteCreate.h; sourceTree = "<group>"; };
		4723AD3F17303EE3002ECD5B /* ccSQLiteCreate.m */ = {isa = PBXFileReference; fileEncoding = 4; lastKnownFileType = sourcecode.c.objc; path = ccSQLiteCreate.m; sourceTree = "<group>"; };
		4723AD4117303EF3002ECD5B /* FMDatabase.h */ = {isa = PBXFileReference; fileEncoding = 4; lastKnownFileType = sourcecode.c.h; path = FMDatabase.h; sourceTree = "<group>"; };
		4723AD4217303EF3002ECD5B /* FMDatabase.m */ = {isa = PBXFileReference; fileEncoding = 4; lastKnownFileType = sourcecode.c.objc; path = FMDatabase.m; sourceTree = "<group>"; };
		4723AD4317303EF3002ECD5B /* FMDatabaseAdditions.h */ = {isa = PBXFileReference; fileEncoding = 4; lastKnownFileType = sourcecode.c.h; path = FMDatabaseAdditions.h; sourceTree = "<group>"; };
		4723AD4417303EF3002ECD5B /* FMDatabaseAdditions.m */ = {isa = PBXFileReference; fileEncoding = 4; lastKnownFileType = sourcecode.c.objc; path = FMDatabaseAdditions.m; sourceTree = "<group>"; };
		4723AD4517303EF3002ECD5B /* FMDatabasePool.h */ = {isa = PBXFileReference; fileEncoding = 4; lastKnownFileType = sourcecode.c.h; path = FMDatabasePool.h; sourceTree = "<group>"; };
		4723AD4617303EF3002ECD5B /* FMDatabasePool.m */ = {isa = PBXFileReference; fileEncoding = 4; lastKnownFileType = sourcecode.c.objc; path = FMDatabasePool.m; sourceTree = "<group>"; };
		4723AD4717303EF3002ECD5B /* FMDatabaseQueue.h */ = {isa = PBXFileReference; fileEncoding = 4; lastKnownFileType = sourcecode.c.h; path = FMDatabaseQueue.h; sourceTree = "<group>"; };
		4723AD4817303EF3002ECD5B /* FMDatabaseQueue.m */ = {isa = PBXFileReference; fileEncoding = 4; lastKnownFileType = sourcecode.c.objc; path = FMDatabaseQueue.m; sourceTree = "<group>"; };
		4723AD4917303EF3002ECD5B /* fmdb_Prefix.pch */ = {isa = PBXFileReference; fileEncoding = 4; lastKnownFileType = sourcecode.c.h; path = fmdb_Prefix.pch; sourceTree = "<group>"; };
		4723AD4B17303EF3002ECD5B /* FMResultSet.h */ = {isa = PBXFileReference; fileEncoding = 4; lastKnownFileType = sourcecode.c.h; path = FMResultSet.h; sourceTree = "<group>"; };
		4723AD4C17303EF3002ECD5B /* FMResultSet.m */ = {isa = PBXFileReference; fileEncoding = 4; lastKnownFileType = sourcecode.c.objc; path = FMResultSet.m; sourceTree = "<group>"; };
		4723AD5317303F0C002ECD5B /* download.png */ = {isa = PBXFileReference; lastKnownFileType = image.png; path = download.png; sourceTree = "<group>"; };
		4723AD551730402C002ECD5B /* firefighter_data */ = {isa = PBXFileReference; fileEncoding = 4; lastKnownFileType = text; path = firefighter_data; sourceTree = "<group>"; };
		4723AD57173043C1002ECD5B /* libsqlite3.0.dylib */ = {isa = PBXFileReference; lastKnownFileType = "compiled.mach-o.dylib"; name = libsqlite3.0.dylib; path = usr/lib/libsqlite3.0.dylib; sourceTree = SDKROOT; };
		477143ED170DF55B00951B7E /* ccGridView.h */ = {isa = PBXFileReference; fileEncoding = 4; lastKnownFileType = sourcecode.c.h; path = ccGridView.h; sourceTree = "<group>"; };
		477143EE170DF55B00951B7E /* ccGridView.m */ = {isa = PBXFileReference; fileEncoding = 4; lastKnownFileType = sourcecode.c.objc; path = ccGridView.m; sourceTree = "<group>"; };
		477D01CF171D348500DAE169 /* Building.png */ = {isa = PBXFileReference; lastKnownFileType = image.png; path = Building.png; sourceTree = "<group>"; };
		4785347C17150C1800B8A750 /* ccDetailViewController.h */ = {isa = PBXFileReference; fileEncoding = 4; lastKnownFileType = sourcecode.c.h; path = ccDetailViewController.h; sourceTree = "<group>"; };
		4785347D17150C1800B8A750 /* ccDetailViewController.m */ = {isa = PBXFileReference; fileEncoding = 4; lastKnownFileType = sourcecode.c.objc; path = ccDetailViewController.m; sourceTree = "<group>"; };
		478D73BE172504380012A17E /* large.png */ = {isa = PBXFileReference; lastKnownFileType = image.png; path = large.png; sourceTree = "<group>"; };
		478D73C0172504460012A17E /* medium.png */ = {isa = PBXFileReference; lastKnownFileType = image.png; path = medium.png; sourceTree = "<group>"; };
		478D73C2172504E50012A17E /* small.png */ = {isa = PBXFileReference; lastKnownFileType = image.png; path = small.png; sourceTree = "<group>"; };
		47CD2688171E260600B1AD10 /* logo.png */ = {isa = PBXFileReference; lastKnownFileType = image.png; path = logo.png; sourceTree = "<group>"; };
		47CD268B171E264300B1AD10 /* backbutton.png */ = {isa = PBXFileReference; lastKnownFileType = image.png; path = backbutton.png; sourceTree = "<group>"; };
		47CD6961171FAB830072AF1E /* Building V2.png */ = {isa = PBXFileReference; lastKnownFileType = image.png; path = "Building V2.png"; sourceTree = "<group>"; };
		47CD6965172069790072AF1E /* background-app.png */ = {isa = PBXFileReference; lastKnownFileType = image.png; path = "background-app.png"; sourceTree = "<group>"; };
		47CD696717206AF90072AF1E /* background building smaller.png */ = {isa = PBXFileReference; lastKnownFileType = image.png; path = "background building smaller.png"; sourceTree = "<group>"; };
		47E039CC172E4F3D002E1EF0 /* ccParCheckViewController.h */ = {isa = PBXFileReference; fileEncoding = 4; lastKnownFileType = sourcecode.c.h; path = ccParCheckViewController.h; sourceTree = "<group>"; };
		47E039CD172E4F3D002E1EF0 /* ccParCheckViewController.m */ = {isa = PBXFileReference; fileEncoding = 4; lastKnownFileType = sourcecode.c.objc; path = ccParCheckViewController.m; sourceTree = "<group>"; };
		47E039CF172E56B8002E1EF0 /* ccCrewNotesViewController.h */ = {isa = PBXFileReference; fileEncoding = 4; lastKnownFileType = sourcecode.c.h; path = ccCrewNotesViewController.h; sourceTree = "<group>"; };
		47E039D0172E56B8002E1EF0 /* ccCrewNotesViewController.m */ = {isa = PBXFileReference; fileEncoding = 4; lastKnownFileType = sourcecode.c.objc; path = ccCrewNotesViewController.m; sourceTree = "<group>"; };
		47E43AB5170A7C89001FC598 /* ccSelectSceneCell.h */ = {isa = PBXFileReference; fileEncoding = 4; lastKnownFileType = sourcecode.c.h; path = ccSelectSceneCell.h; sourceTree = "<group>"; };
		47E43AB6170A7C89001FC598 /* ccSelectSceneCell.m */ = {isa = PBXFileReference; fileEncoding = 4; lastKnownFileType = sourcecode.c.objc; path = ccSelectSceneCell.m; sourceTree = "<group>"; };
		47E43AB8170ABAC2001FC598 /* ccSceneSplitViewController.h */ = {isa = PBXFileReference; fileEncoding = 4; lastKnownFileType = sourcecode.c.h; name = ccSceneSplitViewController.h; path = ../ccSceneSplitViewController.h; sourceTree = "<group>"; };
		47E43AB9170ABAC2001FC598 /* ccSceneSplitViewController.m */ = {isa = PBXFileReference; fileEncoding = 4; lastKnownFileType = sourcecode.c.objc; name = ccSceneSplitViewController.m; path = ../ccSceneSplitViewController.m; sourceTree = "<group>"; };
		47F111781725B7D0002D176B /* QuartzCore.framework */ = {isa = PBXFileReference; lastKnownFileType = wrapper.framework; name = QuartzCore.framework; path = System/Library/Frameworks/QuartzCore.framework; sourceTree = SDKROOT; };
		49468CE616F7E1E600D09587 /* ccInstanceLogUploader.h */ = {isa = PBXFileReference; fileEncoding = 4; lastKnownFileType = sourcecode.c.h; path = ccInstanceLogUploader.h; sourceTree = "<group>"; };
		49468CE716F7E1E600D09587 /* ccInstanceLogUploader.m */ = {isa = PBXFileReference; fileEncoding = 4; lastKnownFileType = sourcecode.c.objc; path = ccInstanceLogUploader.m; sourceTree = "<group>"; };
		49E5EA7516F793C2005C9788 /* ccFireInstance.h */ = {isa = PBXFileReference; fileEncoding = 4; lastKnownFileType = sourcecode.c.h; path = ccFireInstance.h; sourceTree = "<group>"; };
		49E5EA7616F793C2005C9788 /* ccFireInstance.m */ = {isa = PBXFileReference; fileEncoding = 4; lastKnownFileType = sourcecode.c.objc; path = ccFireInstance.m; sourceTree = "<group>"; };
		49E5EA7816F793DF005C9788 /* ccInstanceProvider.h */ = {isa = PBXFileReference; fileEncoding = 4; lastKnownFileType = sourcecode.c.h; path = ccInstanceProvider.h; sourceTree = "<group>"; };
		49E5EA7916F793DF005C9788 /* ccInstanceProvider.m */ = {isa = PBXFileReference; fileEncoding = 4; lastKnownFileType = sourcecode.c.objc; path = ccInstanceProvider.m; sourceTree = "<group>"; };
		A70855F816F24B5B007EDF66 /* ccClipboard.h */ = {isa = PBXFileReference; fileEncoding = 4; lastKnownFileType = sourcecode.c.h; path = ccClipboard.h; sourceTree = "<group>"; };
		A70855F916F24B5B007EDF66 /* ccClipboard.m */ = {isa = PBXFileReference; fileEncoding = 4; lastKnownFileType = sourcecode.c.objc; path = ccClipboard.m; sourceTree = "<group>"; };
		A70A8C7C16EFA7D200DBA1E4 /* ccSelectSceneView.h */ = {isa = PBXFileReference; fileEncoding = 4; lastKnownFileType = sourcecode.c.h; path = ccSelectSceneView.h; sourceTree = "<group>"; };
		A70A8C7D16EFA7D200DBA1E4 /* ccSelectSceneView.m */ = {isa = PBXFileReference; fileEncoding = 4; lastKnownFileType = sourcecode.c.objc; path = ccSelectSceneView.m; sourceTree = "<group>"; };
		A70A8C7F16EFA8D400DBA1E4 /* ccSelectSceneViewController.h */ = {isa = PBXFileReference; fileEncoding = 4; lastKnownFileType = sourcecode.c.h; path = ccSelectSceneViewController.h; sourceTree = "<group>"; };
		A70A8C8016EFA8D400DBA1E4 /* ccSelectSceneViewController.m */ = {isa = PBXFileReference; fileEncoding = 4; lastKnownFileType = sourcecode.c.objc; path = ccSelectSceneViewController.m; sourceTree = "<group>"; };
		A7D0544E16DFDC53007142C1 /* Clipboard.app */ = {isa = PBXFileReference; explicitFileType = wrapper.application; includeInIndex = 0; path = Clipboard.app; sourceTree = BUILT_PRODUCTS_DIR; };
		A7D0545116DFDC53007142C1 /* UIKit.framework */ = {isa = PBXFileReference; lastKnownFileType = wrapper.framework; name = UIKit.framework; path = System/Library/Frameworks/UIKit.framework; sourceTree = SDKROOT; };
		A7D0545316DFDC53007142C1 /* Foundation.framework */ = {isa = PBXFileReference; lastKnownFileType = wrapper.framework; name = Foundation.framework; path = System/Library/Frameworks/Foundation.framework; sourceTree = SDKROOT; };
		A7D0545516DFDC53007142C1 /* CoreGraphics.framework */ = {isa = PBXFileReference; lastKnownFileType = wrapper.framework; name = CoreGraphics.framework; path = System/Library/Frameworks/CoreGraphics.framework; sourceTree = SDKROOT; };
		A7D0545916DFDC53007142C1 /* Clipboard-Info.plist */ = {isa = PBXFileReference; lastKnownFileType = text.plist.xml; path = "Clipboard-Info.plist"; sourceTree = "<group>"; };
		A7D0545B16DFDC53007142C1 /* en */ = {isa = PBXFileReference; lastKnownFileType = text.plist.strings; name = en; path = en.lproj/InfoPlist.strings; sourceTree = "<group>"; };
		A7D0545D16DFDC53007142C1 /* main.m */ = {isa = PBXFileReference; lastKnownFileType = sourcecode.c.objc; path = main.m; sourceTree = "<group>"; };
		A7D0545F16DFDC53007142C1 /* Clipboard-Prefix.pch */ = {isa = PBXFileReference; lastKnownFileType = sourcecode.c.h; path = "Clipboard-Prefix.pch"; sourceTree = "<group>"; };
		A7D0546016DFDC53007142C1 /* ccAppDelegate.h */ = {isa = PBXFileReference; lastKnownFileType = sourcecode.c.h; path = ccAppDelegate.h; sourceTree = "<group>"; };
		A7D0546116DFDC53007142C1 /* ccAppDelegate.m */ = {isa = PBXFileReference; lastKnownFileType = sourcecode.c.objc; path = ccAppDelegate.m; sourceTree = "<group>"; };
		A7D0546316DFDC53007142C1 /* Default.png */ = {isa = PBXFileReference; lastKnownFileType = image.png; path = Default.png; sourceTree = "<group>"; };
		A7D0546516DFDC53007142C1 /* Default@2x.png */ = {isa = PBXFileReference; lastKnownFileType = image.png; path = "Default@2x.png"; sourceTree = "<group>"; };
		A7D0546716DFDC53007142C1 /* Default-568h@2x.png */ = {isa = PBXFileReference; lastKnownFileType = image.png; path = "Default-568h@2x.png"; sourceTree = "<group>"; };
		A7D0546E16DFDC53007142C1 /* ClipboardTests.octest */ = {isa = PBXFileReference; explicitFileType = wrapper.cfbundle; includeInIndex = 0; path = ClipboardTests.octest; sourceTree = BUILT_PRODUCTS_DIR; };
		A7D0546F16DFDC53007142C1 /* SenTestingKit.framework */ = {isa = PBXFileReference; lastKnownFileType = wrapper.framework; name = SenTestingKit.framework; path = Library/Frameworks/SenTestingKit.framework; sourceTree = DEVELOPER_DIR; };
		A7D0547716DFDC53007142C1 /* ClipboardTests-Info.plist */ = {isa = PBXFileReference; lastKnownFileType = text.plist.xml; path = "ClipboardTests-Info.plist"; sourceTree = "<group>"; };
		A7D0547916DFDC53007142C1 /* en */ = {isa = PBXFileReference; lastKnownFileType = text.plist.strings; name = en; path = en.lproj/InfoPlist.strings; sourceTree = "<group>"; };
		A7D0547B16DFDC53007142C1 /* ClipboardTests.h */ = {isa = PBXFileReference; lastKnownFileType = sourcecode.c.h; path = ClipboardTests.h; sourceTree = "<group>"; };
		A7D0547C16DFDC53007142C1 /* ClipboardTests.m */ = {isa = PBXFileReference; lastKnownFileType = sourcecode.c.objc; path = ClipboardTests.m; sourceTree = "<group>"; };
/* End PBXFileReference section */

/* Begin PBXFrameworksBuildPhase section */
		A7D0544B16DFDC53007142C1 /* Frameworks */ = {
			isa = PBXFrameworksBuildPhase;
			buildActionMask = 2147483647;
			files = (
				4723AD58173043C1002ECD5B /* libsqlite3.0.dylib in Frameworks */,
				47F111791725B7D0002D176B /* QuartzCore.framework in Frameworks */,
				A7D0545216DFDC53007142C1 /* UIKit.framework in Frameworks */,
				A7D0545416DFDC53007142C1 /* Foundation.framework in Frameworks */,
				A7D0545616DFDC53007142C1 /* CoreGraphics.framework in Frameworks */,
			);
			runOnlyForDeploymentPostprocessing = 0;
		};
		A7D0546A16DFDC53007142C1 /* Frameworks */ = {
			isa = PBXFrameworksBuildPhase;
			buildActionMask = 2147483647;
			files = (
				A7D0547016DFDC53007142C1 /* SenTestingKit.framework in Frameworks */,
				A7D0547116DFDC53007142C1 /* UIKit.framework in Frameworks */,
				A7D0547216DFDC53007142C1 /* Foundation.framework in Frameworks */,
			);
			runOnlyForDeploymentPostprocessing = 0;
		};
/* End PBXFrameworksBuildPhase section */

/* Begin PBXGroup section */
		47034A00172F540600DB5AFC /* CrewNotes */ = {
			isa = PBXGroup;
			children = (
				47034A06172F55EE00DB5AFC /* ccCrewNotes.h */,
				47034A07172F55EE00DB5AFC /* ccCrewNotes.m */,
			);
			name = CrewNotes;
			sourceTree = "<group>";
		};
		47034A01172F541700DB5AFC /* ParCheck */ = {
			isa = PBXGroup;
			children = (
				47034A02172F55C700DB5AFC /* ccParCheckView.h */,
				47034A03172F55C700DB5AFC /* ccParCheckView.m */,
			);
			name = ParCheck;
			sourceTree = "<group>";
		};
		47E039CB172E4AC2002E1EF0 /* ParCheck */ = {
			isa = PBXGroup;
			children = (
				47E039CC172E4F3D002E1EF0 /* ccParCheckViewController.h */,
				47E039CD172E4F3D002E1EF0 /* ccParCheckViewController.m */,
			);
			name = ParCheck;
			sourceTree = "<group>";
		};
		47E039D2172E56BC002E1EF0 /* CrewNotes */ = {
			isa = PBXGroup;
			children = (
				47E039CF172E56B8002E1EF0 /* ccCrewNotesViewController.h */,
				47E039D0172E56B8002E1EF0 /* ccCrewNotesViewController.m */,
			);
			name = CrewNotes;
			sourceTree = "<group>";
		};
		47E43ABE170ABCE4001FC598 /* SelectScene */ = {
			isa = PBXGroup;
			children = (
				A70A8C7F16EFA8D400DBA1E4 /* ccSelectSceneViewController.h */,
				A70A8C8016EFA8D400DBA1E4 /* ccSelectSceneViewController.m */,
			);
			name = SelectScene;
			sourceTree = "<group>";
		};
		47E43ABF170ABD03001FC598 /* SceneSplit */ = {
			isa = PBXGroup;
			children = (
				47E43AB8170ABAC2001FC598 /* ccSceneSplitViewController.h */,
				47E43AB9170ABAC2001FC598 /* ccSceneSplitViewController.m */,
				4785347C17150C1800B8A750 /* ccDetailViewController.h */,
				4785347D17150C1800B8A750 /* ccDetailViewController.m */,
			);
			name = SceneSplit;
			sourceTree = "<group>";
		};
		47E43AC0170ABD2B001FC598 /* SelectScene */ = {
			isa = PBXGroup;
			children = (
				A70A8C7C16EFA7D200DBA1E4 /* ccSelectSceneView.h */,
				A70A8C7D16EFA7D200DBA1E4 /* ccSelectSceneView.m */,
				47E43AB5170A7C89001FC598 /* ccSelectSceneCell.h */,
				47E43AB6170A7C89001FC598 /* ccSelectSceneCell.m */,
			);
			name = SelectScene;
			sourceTree = "<group>";
		};
		47E43AC1170ABD54001FC598 /* SceneSplit */ = {
			isa = PBXGroup;
			children = (
				477143ED170DF55B00951B7E /* ccGridView.h */,
				477143EE170DF55B00951B7E /* ccGridView.m */,
			);
			name = SceneSplit;
			sourceTree = "<group>";
		};
		A70A8C7716EFA69C00DBA1E4 /* View */ = {
			isa = PBXGroup;
			children = (
				47034A01172F541700DB5AFC /* ParCheck */,
				47034A00172F540600DB5AFC /* CrewNotes */,
				47E43AC0170ABD2B001FC598 /* SelectScene */,
				47E43AC1170ABD54001FC598 /* SceneSplit */,
			);
			name = View;
			sourceTree = "<group>";
		};
		A70A8C7816EFA6A200DBA1E4 /* Model */ = {
			isa = PBXGroup;
			children = (
				4723AD4117303EF3002ECD5B /* FMDatabase.h */,
				4723AD4217303EF3002ECD5B /* FMDatabase.m */,
				4723AD4317303EF3002ECD5B /* FMDatabaseAdditions.h */,
				4723AD4417303EF3002ECD5B /* FMDatabaseAdditions.m */,
				4723AD4517303EF3002ECD5B /* FMDatabasePool.h */,
				4723AD4617303EF3002ECD5B /* FMDatabasePool.m */,
				4723AD4717303EF3002ECD5B /* FMDatabaseQueue.h */,
				4723AD4817303EF3002ECD5B /* FMDatabaseQueue.m */,
				4723AD4917303EF3002ECD5B /* fmdb_Prefix.pch */,
				4723AD4B17303EF3002ECD5B /* FMResultSet.h */,
				4723AD4C17303EF3002ECD5B /* FMResultSet.m */,
				4723AD3E17303EE3002ECD5B /* ccSQLiteCreate.h */,
				4723AD3F17303EE3002ECD5B /* ccSQLiteCreate.m */,
				4723AD3917303ED5002ECD5B /* ccFireFighter.m */,
				4723AD3A17303ED5002ECD5B /* ccFireFighterProvider.h */,
				4723AD3B17303ED5002ECD5B /* ccFireFighterProvider.m */,
				4723AD3817303EC8002ECD5B /* ccFireFighter.h */,
				A70855F816F24B5B007EDF66 /* ccClipboard.h */,
				A70855F916F24B5B007EDF66 /* ccClipboard.m */,
				49E5EA7516F793C2005C9788 /* ccFireInstance.h */,
				49E5EA7616F793C2005C9788 /* ccFireInstance.m */,
				49E5EA7816F793DF005C9788 /* ccInstanceProvider.h */,
				49E5EA7916F793DF005C9788 /* ccInstanceProvider.m */,
				49468CE616F7E1E600D09587 /* ccInstanceLogUploader.h */,
				49468CE716F7E1E600D09587 /* ccInstanceLogUploader.m */,
			);
			name = Model;
			sourceTree = "<group>";
		};
		A70A8C7916EFA6A800DBA1E4 /* View Controllers */ = {
			isa = PBXGroup;
			children = (
				47E039D2172E56BC002E1EF0 /* CrewNotes */,
				47E039CB172E4AC2002E1EF0 /* ParCheck */,
				47E43ABE170ABCE4001FC598 /* SelectScene */,
				47E43ABF170ABD03001FC598 /* SceneSplit */,
			);
			name = "View Controllers";
			sourceTree = "<group>";
		};
		A7D0544516DFDC53007142C1 = {
			isa = PBXGroup;
			children = (
				4723AD57173043C1002ECD5B /* libsqlite3.0.dylib */,
				A7D0545716DFDC53007142C1 /* Clipboard */,
				A7D0547516DFDC53007142C1 /* ClipboardTests */,
				A7D0545016DFDC53007142C1 /* Frameworks */,
				A7D0544F16DFDC53007142C1 /* Products */,
			);
			sourceTree = "<group>";
		};
		A7D0544F16DFDC53007142C1 /* Products */ = {
			isa = PBXGroup;
			children = (
				A7D0544E16DFDC53007142C1 /* Clipboard.app */,
				A7D0546E16DFDC53007142C1 /* ClipboardTests.octest */,
			);
			name = Products;
			sourceTree = "<group>";
		};
		A7D0545016DFDC53007142C1 /* Frameworks */ = {
			isa = PBXGroup;
			children = (
				47F111781725B7D0002D176B /* QuartzCore.framework */,
				A7D0545116DFDC53007142C1 /* UIKit.framework */,
				A7D0545316DFDC53007142C1 /* Foundation.framework */,
				A7D0545516DFDC53007142C1 /* CoreGraphics.framework */,
				A7D0546F16DFDC53007142C1 /* SenTestingKit.framework */,
			);
			name = Frameworks;
			sourceTree = "<group>";
		};
		A7D0545716DFDC53007142C1 /* Clipboard */ = {
			isa = PBXGroup;
			children = (
				4723AD551730402C002ECD5B /* firefighter_data */,
				A70A8C7816EFA6A200DBA1E4 /* Model */,
				A7D0545816DFDC53007142C1 /* Supporting Files */,
				A70A8C7716EFA69C00DBA1E4 /* View */,
				A70A8C7916EFA6A800DBA1E4 /* View Controllers */,
			);
			path = Clipboard;
			sourceTree = "<group>";
		};
		A7D0545816DFDC53007142C1 /* Supporting Files */ = {
			isa = PBXGroup;
			children = (
				4723AD5317303F0C002ECD5B /* download.png */,
				478D73C2172504E50012A17E /* small.png */,
				478D73C0172504460012A17E /* medium.png */,
				478D73BE172504380012A17E /* large.png */,
				A7D0546016DFDC53007142C1 /* ccAppDelegate.h */,
				A7D0546116DFDC53007142C1 /* ccAppDelegate.m */,
				A7D0545916DFDC53007142C1 /* Clipboard-Info.plist */,
				A7D0545A16DFDC53007142C1 /* InfoPlist.strings */,
				47CD268B171E264300B1AD10 /* backbutton.png */,
				47CD2688171E260600B1AD10 /* logo.png */,
				477D01CF171D348500DAE169 /* Building.png */,
				47CD6961171FAB830072AF1E /* Building V2.png */,
				47CD6965172069790072AF1E /* background-app.png */,
				47CD696717206AF90072AF1E /* background building smaller.png */,
				A7D0545D16DFDC53007142C1 /* main.m */,
				A7D0545F16DFDC53007142C1 /* Clipboard-Prefix.pch */,
				A7D0546316DFDC53007142C1 /* Default.png */,
				A7D0546516DFDC53007142C1 /* Default@2x.png */,
				A7D0546716DFDC53007142C1 /* Default-568h@2x.png */,
			);
			name = "Supporting Files";
			sourceTree = "<group>";
		};
		A7D0547516DFDC53007142C1 /* ClipboardTests */ = {
			isa = PBXGroup;
			children = (
				A7D0547B16DFDC53007142C1 /* ClipboardTests.h */,
				A7D0547C16DFDC53007142C1 /* ClipboardTests.m */,
				A7D0547616DFDC53007142C1 /* Supporting Files */,
			);
			path = ClipboardTests;
			sourceTree = "<group>";
		};
		A7D0547616DFDC53007142C1 /* Supporting Files */ = {
			isa = PBXGroup;
			children = (
				A7D0547716DFDC53007142C1 /* ClipboardTests-Info.plist */,
				A7D0547816DFDC53007142C1 /* InfoPlist.strings */,
			);
			name = "Supporting Files";
			sourceTree = "<group>";
		};
/* End PBXGroup section */

/* Begin PBXNativeTarget section */
		A7D0544D16DFDC53007142C1 /* Clipboard */ = {
			isa = PBXNativeTarget;
			buildConfigurationList = A7D0548016DFDC53007142C1 /* Build configuration list for PBXNativeTarget "Clipboard" */;
			buildPhases = (
				A7D0544A16DFDC53007142C1 /* Sources */,
				A7D0544B16DFDC53007142C1 /* Frameworks */,
				A7D0544C16DFDC53007142C1 /* Resources */,
			);
			buildRules = (
			);
			dependencies = (
			);
			name = Clipboard;
			productName = Clipboard;
			productReference = A7D0544E16DFDC53007142C1 /* Clipboard.app */;
			productType = "com.apple.product-type.application";
		};
		A7D0546D16DFDC53007142C1 /* ClipboardTests */ = {
			isa = PBXNativeTarget;
			buildConfigurationList = A7D0548316DFDC53007142C1 /* Build configuration list for PBXNativeTarget "ClipboardTests" */;
			buildPhases = (
				A7D0546916DFDC53007142C1 /* Sources */,
				A7D0546A16DFDC53007142C1 /* Frameworks */,
				A7D0546B16DFDC53007142C1 /* Resources */,
				A7D0546C16DFDC53007142C1 /* ShellScript */,
			);
			buildRules = (
			);
			dependencies = (
				A7D0547416DFDC53007142C1 /* PBXTargetDependency */,
			);
			name = ClipboardTests;
			productName = ClipboardTests;
			productReference = A7D0546E16DFDC53007142C1 /* ClipboardTests.octest */;
			productType = "com.apple.product-type.bundle";
		};
/* End PBXNativeTarget section */

/* Begin PBXProject section */
		A7D0544616DFDC53007142C1 /* Project object */ = {
			isa = PBXProject;
			attributes = {
				CLASSPREFIX = cc;
				LastUpgradeCheck = 0460;
				ORGANIZATIONNAME = muit;
			};
			buildConfigurationList = A7D0544916DFDC53007142C1 /* Build configuration list for PBXProject "Clipboard" */;
			compatibilityVersion = "Xcode 3.2";
			developmentRegion = English;
			hasScannedForEncodings = 0;
			knownRegions = (
				en,
			);
			mainGroup = A7D0544516DFDC53007142C1;
			productRefGroup = A7D0544F16DFDC53007142C1 /* Products */;
			projectDirPath = "";
			projectRoot = "";
			targets = (
				A7D0544D16DFDC53007142C1 /* Clipboard */,
				A7D0546D16DFDC53007142C1 /* ClipboardTests */,
			);
		};
/* End PBXProject section */

/* Begin PBXResourcesBuildPhase section */
		A7D0544C16DFDC53007142C1 /* Resources */ = {
			isa = PBXResourcesBuildPhase;
			buildActionMask = 2147483647;
			files = (
				A7D0545C16DFDC53007142C1 /* InfoPlist.strings in Resources */,
				A7D0546416DFDC53007142C1 /* Default.png in Resources */,
				A7D0546616DFDC53007142C1 /* Default@2x.png in Resources */,
				A7D0546816DFDC53007142C1 /* Default-568h@2x.png in Resources */,
				477D01D0171D348500DAE169 /* Building.png in Resources */,
				47CD2689171E260600B1AD10 /* logo.png in Resources */,
				47CD268C171E264300B1AD10 /* backbutton.png in Resources */,
				47CD6962171FAB830072AF1E /* Building V2.png in Resources */,
				47CD6966172069790072AF1E /* background-app.png in Resources */,
				47CD696817206AF90072AF1E /* background building smaller.png in Resources */,
				478D73BF172504380012A17E /* large.png in Resources */,
				478D73C1172504460012A17E /* medium.png in Resources */,
				478D73C3172504E50012A17E /* small.png in Resources */,
				4723AD5417303F0C002ECD5B /* download.png in Resources */,
				4723AD561730402C002ECD5B /* firefighter_data in Resources */,
			);
			runOnlyForDeploymentPostprocessing = 0;
		};
		A7D0546B16DFDC53007142C1 /* Resources */ = {
			isa = PBXResourcesBuildPhase;
			buildActionMask = 2147483647;
			files = (
				A7D0547A16DFDC53007142C1 /* InfoPlist.strings in Resources */,
				47CD268A171E260600B1AD10 /* logo.png in Resources */,
				47CD268D171E264300B1AD10 /* backbutton.png in Resources */,
			);
			runOnlyForDeploymentPostprocessing = 0;
		};
/* End PBXResourcesBuildPhase section */

/* Begin PBXShellScriptBuildPhase section */
		A7D0546C16DFDC53007142C1 /* ShellScript */ = {
			isa = PBXShellScriptBuildPhase;
			buildActionMask = 2147483647;
			files = (
			);
			inputPaths = (
			);
			outputPaths = (
			);
			runOnlyForDeploymentPostprocessing = 0;
			shellPath = /bin/sh;
			shellScript = "# Run the unit tests in this test bundle.\n\"${SYSTEM_DEVELOPER_DIR}/Tools/RunUnitTests\"\n";
		};
/* End PBXShellScriptBuildPhase section */

/* Begin PBXSourcesBuildPhase section */
		A7D0544A16DFDC53007142C1 /* Sources */ = {
			isa = PBXSourcesBuildPhase;
			buildActionMask = 2147483647;
			files = (
				A7D0545E16DFDC53007142C1 /* main.m in Sources */,
				A7D0546216DFDC53007142C1 /* ccAppDelegate.m in Sources */,
				A70A8C7E16EFA7D200DBA1E4 /* ccSelectSceneView.m in Sources */,
				A70A8C8116EFA8D400DBA1E4 /* ccSelectSceneViewController.m in Sources */,
				A70855FA16F24B5B007EDF66 /* ccClipboard.m in Sources */,
				49E5EA7716F793C2005C9788 /* ccFireInstance.m in Sources */,
				49E5EA7A16F793DF005C9788 /* ccInstanceProvider.m in Sources */,
				49468CE816F7E1E600D09587 /* ccInstanceLogUploader.m in Sources */,
				47E43AB7170A7C89001FC598 /* ccSelectSceneCell.m in Sources */,
				47E43ABA170ABAC2001FC598 /* ccSceneSplitViewController.m in Sources */,
				477143EF170DF55B00951B7E /* ccGridView.m in Sources */,
				4785347E17150C1800B8A750 /* ccDetailViewController.m in Sources */,
				47E039CE172E4F3D002E1EF0 /* ccParCheckViewController.m in Sources */,
				47E039D1172E56B8002E1EF0 /* ccCrewNotesViewController.m in Sources */,
				47034A04172F55C700DB5AFC /* ccParCheckView.m in Sources */,
				47034A08172F55EE00DB5AFC /* ccCrewNotes.m in Sources */,
				4723AD3C17303ED5002ECD5B /* ccFireFighter.m in Sources */,
				4723AD3D17303ED5002ECD5B /* ccFireFighterProvider.m in Sources */,
				4723AD4017303EE3002ECD5B /* ccSQLiteCreate.m in Sources */,
				4723AD4D17303EF3002ECD5B /* FMDatabase.m in Sources */,
				4723AD4E17303EF3002ECD5B /* FMDatabaseAdditions.m in Sources */,
				4723AD4F17303EF3002ECD5B /* FMDatabasePool.m in Sources */,
				4723AD5017303EF3002ECD5B /* FMDatabaseQueue.m in Sources */,
				4723AD5217303EF3002ECD5B /* FMResultSet.m in Sources */,
			);
			runOnlyForDeploymentPostprocessing = 0;
		};
		A7D0546916DFDC53007142C1 /* Sources */ = {
			isa = PBXSourcesBuildPhase;
			buildActionMask = 2147483647;
			files = (
				A7D0547D16DFDC53007142C1 /* ClipboardTests.m in Sources */,
			);
			runOnlyForDeploymentPostprocessing = 0;
		};
/* End PBXSourcesBuildPhase section */

/* Begin PBXTargetDependency section */
		A7D0547416DFDC53007142C1 /* PBXTargetDependency */ = {
			isa = PBXTargetDependency;
			target = A7D0544D16DFDC53007142C1 /* Clipboard */;
			targetProxy = A7D0547316DFDC53007142C1 /* PBXContainerItemProxy */;
		};
/* End PBXTargetDependency section */

/* Begin PBXVariantGroup section */
		A7D0545A16DFDC53007142C1 /* InfoPlist.strings */ = {
			isa = PBXVariantGroup;
			children = (
				A7D0545B16DFDC53007142C1 /* en */,
			);
			name = InfoPlist.strings;
			sourceTree = "<group>";
		};
		A7D0547816DFDC53007142C1 /* InfoPlist.strings */ = {
			isa = PBXVariantGroup;
			children = (
				A7D0547916DFDC53007142C1 /* en */,
			);
			name = InfoPlist.strings;
			sourceTree = "<group>";
		};
/* End PBXVariantGroup section */

/* Begin XCBuildConfiguration section */
		A7D0547E16DFDC53007142C1 /* Debug */ = {
			isa = XCBuildConfiguration;
			buildSettings = {
				ALWAYS_SEARCH_USER_PATHS = NO;
				CLANG_CXX_LANGUAGE_STANDARD = "gnu++0x";
				CLANG_CXX_LIBRARY = "libc++";
				CLANG_ENABLE_OBJC_ARC = YES;
				CLANG_WARN_CONSTANT_CONVERSION = YES;
				CLANG_WARN_EMPTY_BODY = YES;
				CLANG_WARN_ENUM_CONVERSION = YES;
				CLANG_WARN_INT_CONVERSION = YES;
				CLANG_WARN__DUPLICATE_METHOD_MATCH = YES;
				"CODE_SIGN_IDENTITY[sdk=iphoneos*]" = "iPhone Developer";
				COPY_PHASE_STRIP = NO;
				GCC_C_LANGUAGE_STANDARD = gnu99;
				GCC_DYNAMIC_NO_PIC = NO;
				GCC_OPTIMIZATION_LEVEL = 0;
				GCC_PREPROCESSOR_DEFINITIONS = (
					"DEBUG=1",
					"$(inherited)",
				);
				GCC_SYMBOLS_PRIVATE_EXTERN = NO;
				GCC_WARN_ABOUT_RETURN_TYPE = YES;
				GCC_WARN_UNINITIALIZED_AUTOS = YES;
				GCC_WARN_UNUSED_VARIABLE = YES;
				IPHONEOS_DEPLOYMENT_TARGET = 6.1;
				ONLY_ACTIVE_ARCH = YES;
				SDKROOT = iphoneos;
				TARGETED_DEVICE_FAMILY = 2;
			};
			name = Debug;
		};
		A7D0547F16DFDC53007142C1 /* Release */ = {
			isa = XCBuildConfiguration;
			buildSettings = {
				ALWAYS_SEARCH_USER_PATHS = NO;
				CLANG_CXX_LANGUAGE_STANDARD = "gnu++0x";
				CLANG_CXX_LIBRARY = "libc++";
				CLANG_ENABLE_OBJC_ARC = YES;
				CLANG_WARN_CONSTANT_CONVERSION = YES;
				CLANG_WARN_EMPTY_BODY = YES;
				CLANG_WARN_ENUM_CONVERSION = YES;
				CLANG_WARN_INT_CONVERSION = YES;
				CLANG_WARN__DUPLICATE_METHOD_MATCH = YES;
				"CODE_SIGN_IDENTITY[sdk=iphoneos*]" = "iPhone Developer";
				COPY_PHASE_STRIP = YES;
				GCC_C_LANGUAGE_STANDARD = gnu99;
				GCC_WARN_ABOUT_RETURN_TYPE = YES;
				GCC_WARN_UNINITIALIZED_AUTOS = YES;
				GCC_WARN_UNUSED_VARIABLE = YES;
				IPHONEOS_DEPLOYMENT_TARGET = 6.1;
				OTHER_CFLAGS = "-DNS_BLOCK_ASSERTIONS=1";
				SDKROOT = iphoneos;
				TARGETED_DEVICE_FAMILY = 2;
				VALIDATE_PRODUCT = YES;
			};
			name = Release;
		};
		A7D0548116DFDC53007142C1 /* Debug */ = {
			isa = XCBuildConfiguration;
			buildSettings = {
				GCC_PRECOMPILE_PREFIX_HEADER = YES;
				GCC_PREFIX_HEADER = "Clipboard/Clipboard-Prefix.pch";
				INFOPLIST_FILE = "Clipboard/Clipboard-Info.plist";
				PRODUCT_NAME = "$(TARGET_NAME)";
				TARGETED_DEVICE_FAMILY = 2;
				WRAPPER_EXTENSION = app;
			};
			name = Debug;
		};
		A7D0548216DFDC53007142C1 /* Release */ = {
			isa = XCBuildConfiguration;
			buildSettings = {
				GCC_PRECOMPILE_PREFIX_HEADER = YES;
				GCC_PREFIX_HEADER = "Clipboard/Clipboard-Prefix.pch";
				INFOPLIST_FILE = "Clipboard/Clipboard-Info.plist";
				PRODUCT_NAME = "$(TARGET_NAME)";
				TARGETED_DEVICE_FAMILY = 2;
				WRAPPER_EXTENSION = app;
			};
			name = Release;
		};
		A7D0548416DFDC53007142C1 /* Debug */ = {
			isa = XCBuildConfiguration;
			buildSettings = {
				BUNDLE_LOADER = "$(BUILT_PRODUCTS_DIR)/Clipboard.app/Clipboard";
				FRAMEWORK_SEARCH_PATHS = (
					"\"$(SDKROOT)/Developer/Library/Frameworks\"",
					"\"$(DEVELOPER_LIBRARY_DIR)/Frameworks\"",
				);
				GCC_PRECOMPILE_PREFIX_HEADER = YES;
				GCC_PREFIX_HEADER = "Clipboard/Clipboard-Prefix.pch";
				INFOPLIST_FILE = "ClipboardTests/ClipboardTests-Info.plist";
				PRODUCT_NAME = "$(TARGET_NAME)";
				TEST_HOST = "$(BUNDLE_LOADER)";
				WRAPPER_EXTENSION = octest;
			};
			name = Debug;
		};
		A7D0548516DFDC53007142C1 /* Release */ = {
			isa = XCBuildConfiguration;
			buildSettings = {
				BUNDLE_LOADER = "$(BUILT_PRODUCTS_DIR)/Clipboard.app/Clipboard";
				FRAMEWORK_SEARCH_PATHS = (
					"\"$(SDKROOT)/Developer/Library/Frameworks\"",
					"\"$(DEVELOPER_LIBRARY_DIR)/Frameworks\"",
				);
				GCC_PRECOMPILE_PREFIX_HEADER = YES;
				GCC_PREFIX_HEADER = "Clipboard/Clipboard-Prefix.pch";
				INFOPLIST_FILE = "ClipboardTests/ClipboardTests-Info.plist";
				PRODUCT_NAME = "$(TARGET_NAME)";
				TEST_HOST = "$(BUNDLE_LOADER)";
				WRAPPER_EXTENSION = octest;
			};
			name = Release;
		};
/* End XCBuildConfiguration section */

/* Begin XCConfigurationList section */
		A7D0544916DFDC53007142C1 /* Build configuration list for PBXProject "Clipboard" */ = {
			isa = XCConfigurationList;
			buildConfigurations = (
				A7D0547E16DFDC53007142C1 /* Debug */,
				A7D0547F16DFDC53007142C1 /* Release */,
			);
			defaultConfigurationIsVisible = 0;
			defaultConfigurationName = Release;
		};
		A7D0548016DFDC53007142C1 /* Build configuration list for PBXNativeTarget "Clipboard" */ = {
			isa = XCConfigurationList;
			buildConfigurations = (
				A7D0548116DFDC53007142C1 /* Debug */,
				A7D0548216DFDC53007142C1 /* Release */,
			);
			defaultConfigurationIsVisible = 0;
			defaultConfigurationName = Release;
		};
		A7D0548316DFDC53007142C1 /* Build configuration list for PBXNativeTarget "ClipboardTests" */ = {
			isa = XCConfigurationList;
			buildConfigurations = (
				A7D0548416DFDC53007142C1 /* Debug */,
				A7D0548516DFDC53007142C1 /* Release */,
			);
			defaultConfigurationIsVisible = 0;
			defaultConfigurationName = Release;
		};
/* End XCConfigurationList section */
	};
	rootObject = A7D0544616DFDC53007142C1 /* Project object */;
}
